
Microsoft Visual Studio Solution File, Format Version 12.00
# Visual Studio Version 17
VisualStudioVersion = 17.4.33213.308
MinimumVisualStudioVersion = 10.0.40219.1
Project("{FAE04EC0-301F-11D3-BF4B-00C04F79EFBC}") = "WeatherApi", "WeatherApi\WeatherApi.csproj", "{B86F9DD7-C3B2-4E81-9AE8-4802299FF105}"
EndProject
Global
	GlobalSection(SolutionConfigurationPlatforms) = preSolution
		Debug|Any CPU = Debug|Any CPU
		Release|Any CPU = Release|Any CPU
	EndGlobalSection
	GlobalSection(ProjectConfigurationPlatforms) = postSolution
		{B86F9DD7-C3B2-4E81-9AE8-4802299FF105}.Debug|Any CPU.ActiveCfg = Debug|Any CPU
		{B86F9DD7-C3B2-4E81-9AE8-4802299FF105}.Debug|Any CPU.Build.0 = Debug|Any CPU
		{B86F9DD7-C3B2-4E81-9AE8-4802299FF105}.Release|Any CPU.ActiveCfg = Release|Any CPU
		{B86F9DD7-C3B2-4E81-9AE8-4802299FF105}.Release|Any CPU.Build.0 = Release|Any CPU
	EndGlobalSection
	GlobalSection(SolutionProperties) = preSolution
		HideSolutionNode = FALSE
	EndGlobalSection
	GlobalSection(ExtensibilityGlobals) = postSolution
		SolutionGuid = {A2C69CB2-AC3D-4865-A723-9BA5552DE58C}
	EndGlobalSection
EndGlobal
